
Microsoft Visual Studio Solution File, Format Version 12.00
# Visual Studio Version 17
VisualStudioVersion = 17.13.35828.75 d17.13
MinimumVisualStudioVersion = 10.0.40219.1
Project("{FAE04EC0-301F-11D3-BF4B-00C04F79EFBC}") = "Project_DBMS", "Project_DBMS.csproj", "{C91673CE-558B-4675-A1C4-142E4F383B83}"
EndProject
Global
	GlobalSection(SolutionConfigurationPlatforms) = preSolution
		Debug|Any CPU = Debug|Any CPU
		Release|Any CPU = Release|Any CPU
	EndGlobalSection
	GlobalSection(ProjectConfigurationPlatforms) = postSolution
		{C91673CE-558B-4675-A1C4-142E4F383B83}.Debug|Any CPU.ActiveCfg = Debug|Any CPU
		{C91673CE-558B-4675-A1C4-142E4F383B83}.Debug|Any CPU.Build.0 = Debug|Any CPU
		{C91673CE-558B-4675-A1C4-142E4F383B83}.Release|Any CPU.ActiveCfg = Release|Any CPU
		{C91673CE-558B-4675-A1C4-142E4F383B83}.Release|Any CPU.Build.0 = Release|Any CPU
	EndGlobalSection
	GlobalSection(SolutionProperties) = preSolution
		HideSolutionNode = FALSE
	EndGlobalSection
	GlobalSection(ExtensibilityGlobals) = postSolution
		SolutionGuid = {4A1CAB48-91BA-49B9-BF3A-56A5A2090DF3}
	EndGlobalSection
EndGlobal
